# This file is generated by running "yarn install" inside your project.
# Manual changes might be lost - proceed with caution!

__metadata:
  version: 8
  cacheKey: 10c0

"image-size@npm:^1.1.1":
  version: 1.1.1
  resolution: "image-size@npm:1.1.1"
  dependencies:
    queue: "npm:6.0.2"
  bin:
    image-size: bin/image-size.js
  checksum: 10c0/2660470096d12be82195f7e80fe03274689fbd14184afb78eaf66ade7cd06352518325814f88af4bde4b26647889fe49e573129f6e7ba8f5ff5b85cc7f559000
  languageName: node
  linkType: hard

"inherits@npm:~2.0.3":
  version: 2.0.4
  resolution: "inherits@npm:2.0.4"
  checksum: 10c0/4e531f648b29039fb7426fb94075e6545faa1eb9fe83c29f0b6d9e7263aceb4289d2d4557db0d428188eeb449cc7c5e77b0a0b2c4e248ff2a65933a0dee49ef2
  languageName: node
  linkType: hard

"node@workspace:.":
  version: 0.0.0-use.local
  resolution: "node@workspace:."
  dependencies:
    image-size: "npm:^1.1.1"
  languageName: unknown
  linkType: soft

"queue@npm:6.0.2":
  version: 6.0.2
  resolution: "queue@npm:6.0.2"
  dependencies:
    inherits: "npm:~2.0.3"
  checksum: 10c0/cf987476cc72e7d3aaabe23ccefaab1cd757a2b5e0c8d80b67c9575a6b5e1198807ffd4f0948a3f118b149d1111d810ee773473530b77a5c606673cac2c9c996
  languageName: node
  linkType: hard
